
Microsoft Visual Studio Solution File, Format Version 12.00
# Visual Studio Version 16
VisualStudioVersion = 16.0.32802.440
MinimumVisualStudioVersion = 10.0.40219.1
Project("{FAE04EC0-301F-11D3-BF4B-00C04F79EFBC}") = "PatternRecogniser", "PatternRecogniser\PatternRecogniser.csproj", "{4050492B-DB70-47D7-B26A-02FB81FA6E40}"
EndProject
Global
	GlobalSection(SolutionConfigurationPlatforms) = preSolution
		Debug|Any CPU = Debug|Any CPU
		Release|Any CPU = Release|Any CPU
	EndGlobalSection
	GlobalSection(ProjectConfigurationPlatforms) = postSolution
		{4050492B-DB70-47D7-B26A-02FB81FA6E40}.Debug|Any CPU.ActiveCfg = Debug|Any CPU
		{4050492B-DB70-47D7-B26A-02FB81FA6E40}.Debug|Any CPU.Build.0 = Debug|Any CPU
		{4050492B-DB70-47D7-B26A-02FB81FA6E40}.Release|Any CPU.ActiveCfg = Release|Any CPU
		{4050492B-DB70-47D7-B26A-02FB81FA6E40}.Release|Any CPU.Build.0 = Release|Any CPU
	EndGlobalSection
	GlobalSection(SolutionProperties) = preSolution
		HideSolutionNode = FALSE
	EndGlobalSection
	GlobalSection(ExtensibilityGlobals) = postSolution
		SolutionGuid = {88EFBF2E-3F58-4049-989A-FE269D2BFDFC}
	EndGlobalSection
EndGlobal
